<Solution>
  <Folder Name="/HelperTesterApps/">
    <Project Path="../HelperTestingApps/VideoServeLocalTest/VideoServeLocalTest.csproj" />
  </Folder>
  <Folder Name="/Libs/" />
  <Folder Name="/Libs/Conduit.NATS/">
    <Project Path="../Libs/Conduit.NATS/Conduit.NATS/Conduit.NATS.csproj" />
  </Folder>
  <Folder Name="/Libs/YtDlpSharpLib/">
    <Project Path="../Libs/YtDlpSharpLib/YtDlpSharpLib/YtDlpSharpLib.csproj" />
  </Folder>
  <Folder Name="/LiteApp/">
    <Project Path="LiteApp/Lite/Lite.csproj" />
  </Folder>
  <Folder Name="/FullApp/">
    <Project Path="FullApp/BackupService/BackupService.csproj" />
  </Folder>
  <Folder Name="/SharedApp/">
    <Project Path="SharedApp/ApplicationContracts/ApplicationContracts.csproj" />
    <Project Path="SharedApp/DataBridge/DataBridge.csproj" />
    <Project Path="SharedApp/MediaProcessor/MediaProcessor.csproj" />
    <Project Path="SharedApp/Scheduler/Scheduler.csproj" />
    <Project Path="SharedApp/ServiceDefaults/ServiceDefaults.csproj" />
    <Project Path="SharedApp/Shared/Shared.csproj" />
    <Project Path="SharedApp/StorageExtensions/StorageExtensions.csproj" />
    <Project Path="SharedApp/WebAPI/WebAPI.csproj" />
    <Project Path="SharedApp/Worker/Worker.csproj" />
    <Project Path="SharedApp/AppHost/AppHost.csproj" />
  </Folder>
  <Folder Name="/Tests/">
    <Project Path="../../Tests/IntegrationTests/IntegrationTests/IntegrationTests.csproj" />
    <Project Path="../../Tests/UnitTests/UnitTests.csproj" />
  </Folder>
</Solution>
